// !$*UTF8*$!
{
	archiveVersion = 1;
	classes = {
	};
	objectVersion = 46;
	objects = {

/* Begin PBXBuildFile section */
		81BA814B1A49DA1800E65899 /* AppDelegate.swift in Sources */ = {isa = PBXBuildFile; fileRef = 81BA814A1A49DA1800E65899 /* AppDelegate.swift */; };
		81BA81501A49DA1800E65899 /* Main.storyboard in Resources */ = {isa = PBXBuildFile; fileRef = 81BA814E1A49DA1800E65899 /* Main.storyboard */; };
		81BA81521A49DA1800E65899 /* Images.xcassets in Resources */ = {isa = PBXBuildFile; fileRef = 81BA81511A49DA1800E65899 /* Images.xcassets */; };
		81BA81701A49DB6800E65899 /* Bolts.framework in Frameworks */ = {isa = PBXBuildFile; fileRef = 81BA816B1A49DB6800E65899 /* Bolts.framework */; };
		81BA81711A49DB6800E65899 /* Parse.framework in Frameworks */ = {isa = PBXBuildFile; fileRef = 81BA816C1A49DB6800E65899 /* Parse.framework */; };
		81BA81721A49DB6800E65899 /* ParseCrashReporting.framework in Frameworks */ = {isa = PBXBuildFile; fileRef = 81BA816D1A49DB6800E65899 /* ParseCrashReporting.framework */; };
		81BA81731A49DB6800E65899 /* ParseFacebookUtils.framework in Frameworks */ = {isa = PBXBuildFile; fileRef = 81BA816E1A49DB6800E65899 /* ParseFacebookUtils.framework */; };
		81BA81771A49E0D500E65899 /* libsqlite3.dylib in Frameworks */ = {isa = PBXBuildFile; fileRef = 81BA81761A49E0D500E65899 /* libsqlite3.dylib */; };
		81BA81791A49E0DB00E65899 /* AudioToolbox.framework in Frameworks */ = {isa = PBXBuildFile; fileRef = 81BA81781A49E0DB00E65899 /* AudioToolbox.framework */; };
		81BA817B1A49E0E500E65899 /* SystemConfiguration.framework in Frameworks */ = {isa = PBXBuildFile; fileRef = 81BA817A1A49E0E500E65899 /* SystemConfiguration.framework */; };
		81BA817D1A49E0EA00E65899 /* MobileCoreServices.framework in Frameworks */ = {isa = PBXBuildFile; fileRef = 81BA817C1A49E0EA00E65899 /* MobileCoreServices.framework */; };
		81BA817F1A49E0F000E65899 /* libstdc++.6.dylib in Frameworks */ = {isa = PBXBuildFile; fileRef = 81BA817E1A49E0F000E65899 /* libstdc++.6.dylib */; };
		81BA81811A49E10C00E65899 /* ParseUI.framework in Frameworks */ = {isa = PBXBuildFile; fileRef = 81BA81801A49E10C00E65899 /* ParseUI.framework */; };
		AA5D5A7D1B01BFC00004DD5F /* PushNotification.swift in Sources */ = {isa = PBXBuildFile; fileRef = AA5D5A7C1B01BFC00004DD5F /* PushNotification.swift */; };
		AA83EA9C1B071129002A6B5F /* Accounts.framework in Frameworks */ = {isa = PBXBuildFile; fileRef = AA83EA9B1B071129002A6B5F /* Accounts.framework */; };
		AA83EA9E1B07112F002A6B5F /* Social.framework in Frameworks */ = {isa = PBXBuildFile; fileRef = AA83EA9D1B07112F002A6B5F /* Social.framework */; };
		AA83EAA01B0714AF002A6B5F /* MyPFLogInViewController.swift in Sources */ = {isa = PBXBuildFile; fileRef = AA83EA9F1B0714AF002A6B5F /* MyPFLogInViewController.swift */; };
		AA83EAA61B072C6B002A6B5F /* EditTodoViewController.swift in Sources */ = {isa = PBXBuildFile; fileRef = AA83EAA51B072C6B002A6B5F /* EditTodoViewController.swift */; };
		AA83EAAA1B072D63002A6B5F /* EditTextViewController.swift in Sources */ = {isa = PBXBuildFile; fileRef = AA83EAA91B072D63002A6B5F /* EditTextViewController.swift */; };
		AA83EAAC1B072D6F002A6B5F /* EditNumberViewController.swift in Sources */ = {isa = PBXBuildFile; fileRef = AA83EAAB1B072D6F002A6B5F /* EditNumberViewController.swift */; };
		AA83EAAE1B072D7A002A6B5F /* EditDateViewController.swift in Sources */ = {isa = PBXBuildFile; fileRef = AA83EAAD1B072D7A002A6B5F /* EditDateViewController.swift */; };
		AA83EAB11B07EB9F002A6B5F /* SelectSingleViewController.swift in Sources */ = {isa = PBXBuildFile; fileRef = AA83EAB01B07EB9F002A6B5F /* SelectSingleViewController.swift */; };
		AA83EAB31B07FAF0002A6B5F /* EditRecordViewController.swift in Sources */ = {isa = PBXBuildFile; fileRef = AA83EAB21B07FAF0002A6B5F /* EditRecordViewController.swift */; };
		AA83EAB71B080149002A6B5F /* SelectMultipleViewController.swift in Sources */ = {isa = PBXBuildFile; fileRef = AA83EAB61B080149002A6B5F /* SelectMultipleViewController.swift */; };
		AA83EAB91B088E6A002A6B5F /* RecordCell.swift in Sources */ = {isa = PBXBuildFile; fileRef = AA83EAB81B088E6A002A6B5F /* RecordCell.swift */; };
		AA83EABB1B0AF9C3002A6B5F /* TodoShowTableViewController.swift in Sources */ = {isa = PBXBuildFile; fileRef = AA83EABA1B0AF9C3002A6B5F /* TodoShowTableViewController.swift */; };
		AA83EABD1B0C453E002A6B5F /* EditBigTextViewController.swift in Sources */ = {isa = PBXBuildFile; fileRef = AA83EABC1B0C453E002A6B5F /* EditBigTextViewController.swift */; };
		AA83EABF1B0C4548002A6B5F /* EditChoiceViewController.swift in Sources */ = {isa = PBXBuildFile; fileRef = AA83EABE1B0C4548002A6B5F /* EditChoiceViewController.swift */; };
		AA83EAC11B0DBC74002A6B5F /* CalendarUtil.swift in Sources */ = {isa = PBXBuildFile; fileRef = AA83EAC01B0DBC74002A6B5F /* CalendarUtil.swift */; };
		AABB02DA1AFF3E9F006C212C /* welcome.JPG in Resources */ = {isa = PBXBuildFile; fileRef = AABB02D91AFF3E9F006C212C /* welcome.JPG */; };
		AABB02DE1B0057D0006C212C /* WelcomeViewController.swift in Sources */ = {isa = PBXBuildFile; fileRef = AABB02DD1B0057D0006C212C /* WelcomeViewController.swift */; };
		AABB02E01B0057FD006C212C /* LoginViewController.swift in Sources */ = {isa = PBXBuildFile; fileRef = AABB02DF1B0057FD006C212C /* LoginViewController.swift */; };
		AABB02E31B005971006C212C /* Utilities.swift in Sources */ = {isa = PBXBuildFile; fileRef = AABB02E21B005971006C212C /* Utilities.swift */; };
		AABB02E51B005AE1006C212C /* TodoListViewController.swift in Sources */ = {isa = PBXBuildFile; fileRef = AABB02E41B005AE1006C212C /* TodoListViewController.swift */; };
		AABB02E71B005B2C006C212C /* ProfileViewController.swift in Sources */ = {isa = PBXBuildFile; fileRef = AABB02E61B005B2C006C212C /* ProfileViewController.swift */; };
		AABB02E91B006827006C212C /* Constants.swift in Sources */ = {isa = PBXBuildFile; fileRef = AABB02E81B006827006C212C /* Constants.swift */; };
		AAD609B71B03025600145F56 /* TodoDetailViewController.swift in Sources */ = {isa = PBXBuildFile; fileRef = AAD609B61B03025600145F56 /* TodoDetailViewController.swift */; };
		AAD609BA1B044A7900145F56 /* AmountDetailViewController.swift in Sources */ = {isa = PBXBuildFile; fileRef = AAD609B91B044A7900145F56 /* AmountDetailViewController.swift */; };
/* End PBXBuildFile section */

/* Begin PBXFileReference section */
		81BA81451A49DA1800E65899 /* Leap Internal.app */ = {isa = PBXFileReference; explicitFileType = wrapper.application; includeInIndex = 0; path = "Leap Internal.app"; sourceTree = BUILT_PRODUCTS_DIR; };
		81BA81491A49DA1800E65899 /* Info.plist */ = {isa = PBXFileReference; lastKnownFileType = text.plist.xml; path = Info.plist; sourceTree = "<group>"; };
		81BA814A1A49DA1800E65899 /* AppDelegate.swift */ = {isa = PBXFileReference; lastKnownFileType = sourcecode.swift; path = AppDelegate.swift; sourceTree = "<group>"; };
		81BA814F1A49DA1800E65899 /* Base */ = {isa = PBXFileReference; lastKnownFileType = file.storyboard; name = Base; path = Base.lproj/Main.storyboard; sourceTree = "<group>"; };
		81BA81511A49DA1800E65899 /* Images.xcassets */ = {isa = PBXFileReference; lastKnownFileType = folder.assetcatalog; path = Images.xcassets; sourceTree = "<group>"; };
		81BA816B1A49DB6800E65899 /* Bolts.framework */ = {isa = PBXFileReference; lastKnownFileType = wrapper.framework; path = Bolts.framework; sourceTree = "<group>"; };
		81BA816C1A49DB6800E65899 /* Parse.framework */ = {isa = PBXFileReference; lastKnownFileType = wrapper.framework; path = Parse.framework; sourceTree = "<group>"; };
		81BA816D1A49DB6800E65899 /* ParseCrashReporting.framework */ = {isa = PBXFileReference; lastKnownFileType = wrapper.framework; path = ParseCrashReporting.framework; sourceTree = "<group>"; };
		81BA816E1A49DB6800E65899 /* ParseFacebookUtils.framework */ = {isa = PBXFileReference; lastKnownFileType = wrapper.framework; path = ParseFacebookUtils.framework; sourceTree = "<group>"; };
		81BA81761A49E0D500E65899 /* libsqlite3.dylib */ = {isa = PBXFileReference; lastKnownFileType = "compiled.mach-o.dylib"; name = libsqlite3.dylib; path = usr/lib/libsqlite3.dylib; sourceTree = SDKROOT; };
		81BA81781A49E0DB00E65899 /* AudioToolbox.framework */ = {isa = PBXFileReference; lastKnownFileType = wrapper.framework; name = AudioToolbox.framework; path = System/Library/Frameworks/AudioToolbox.framework; sourceTree = SDKROOT; };
		81BA817A1A49E0E500E65899 /* SystemConfiguration.framework */ = {isa = PBXFileReference; lastKnownFileType = wrapper.framework; name = SystemConfiguration.framework; path = System/Library/Frameworks/SystemConfiguration.framework; sourceTree = SDKROOT; };
		81BA817C1A49E0EA00E65899 /* MobileCoreServices.framework */ = {isa = PBXFileReference; lastKnownFileType = wrapper.framework; name = MobileCoreServices.framework; path = System/Library/Frameworks/MobileCoreServices.framework; sourceTree = SDKROOT; };
		81BA817E1A49E0F000E65899 /* libstdc++.6.dylib */ = {isa = PBXFileReference; lastKnownFileType = "compiled.mach-o.dylib"; name = "libstdc++.6.dylib"; path = "usr/lib/libstdc++.6.dylib"; sourceTree = SDKROOT; };
		81BA81801A49E10C00E65899 /* ParseUI.framework */ = {isa = PBXFileReference; lastKnownFileType = wrapper.framework; path = ParseUI.framework; sourceTree = "<group>"; };
		81BA81821A49E27F00E65899 /* ParseStarterProject-Bridging-Header.h */ = {isa = PBXFileReference; fileEncoding = 4; lastKnownFileType = sourcecode.c.h; path = "ParseStarterProject-Bridging-Header.h"; sourceTree = "<group>"; };
		AA5D5A7C1B01BFC00004DD5F /* PushNotification.swift */ = {isa = PBXFileReference; fileEncoding = 4; lastKnownFileType = sourcecode.swift; path = PushNotification.swift; sourceTree = "<group>"; };
		AA83EA9B1B071129002A6B5F /* Accounts.framework */ = {isa = PBXFileReference; lastKnownFileType = wrapper.framework; name = Accounts.framework; path = System/Library/Frameworks/Accounts.framework; sourceTree = SDKROOT; };
		AA83EA9D1B07112F002A6B5F /* Social.framework */ = {isa = PBXFileReference; lastKnownFileType = wrapper.framework; name = Social.framework; path = System/Library/Frameworks/Social.framework; sourceTree = SDKROOT; };
		AA83EA9F1B0714AF002A6B5F /* MyPFLogInViewController.swift */ = {isa = PBXFileReference; fileEncoding = 4; lastKnownFileType = sourcecode.swift; path = MyPFLogInViewController.swift; sourceTree = "<group>"; };
		AA83EAA51B072C6B002A6B5F /* EditTodoViewController.swift */ = {isa = PBXFileReference; fileEncoding = 4; lastKnownFileType = sourcecode.swift; path = EditTodoViewController.swift; sourceTree = "<group>"; };
		AA83EAA91B072D63002A6B5F /* EditTextViewController.swift */ = {isa = PBXFileReference; fileEncoding = 4; lastKnownFileType = sourcecode.swift; path = EditTextViewController.swift; sourceTree = "<group>"; };
		AA83EAAB1B072D6F002A6B5F /* EditNumberViewController.swift */ = {isa = PBXFileReference; fileEncoding = 4; lastKnownFileType = sourcecode.swift; path = EditNumberViewController.swift; sourceTree = "<group>"; };
		AA83EAAD1B072D7A002A6B5F /* EditDateViewController.swift */ = {isa = PBXFileReference; fileEncoding = 4; lastKnownFileType = sourcecode.swift; path = EditDateViewController.swift; sourceTree = "<group>"; };
		AA83EAB01B07EB9F002A6B5F /* SelectSingleViewController.swift */ = {isa = PBXFileReference; fileEncoding = 4; lastKnownFileType = sourcecode.swift; path = SelectSingleViewController.swift; sourceTree = "<group>"; };
		AA83EAB21B07FAF0002A6B5F /* EditRecordViewController.swift */ = {isa = PBXFileReference; fileEncoding = 4; lastKnownFileType = sourcecode.swift; path = EditRecordViewController.swift; sourceTree = "<group>"; };
		AA83EAB61B080149002A6B5F /* SelectMultipleViewController.swift */ = {isa = PBXFileReference; fileEncoding = 4; lastKnownFileType = sourcecode.swift; path = SelectMultipleViewController.swift; sourceTree = "<group>"; };
		AA83EAB81B088E6A002A6B5F /* RecordCell.swift */ = {isa = PBXFileReference; fileEncoding = 4; lastKnownFileType = sourcecode.swift; path = RecordCell.swift; sourceTree = "<group>"; };
		AA83EABA1B0AF9C3002A6B5F /* TodoShowTableViewController.swift */ = {isa = PBXFileReference; fileEncoding = 4; lastKnownFileType = sourcecode.swift; path = TodoShowTableViewController.swift; sourceTree = "<group>"; };
		AA83EABC1B0C453E002A6B5F /* EditBigTextViewController.swift */ = {isa = PBXFileReference; fileEncoding = 4; lastKnownFileType = sourcecode.swift; path = EditBigTextViewController.swift; sourceTree = "<group>"; };
		AA83EABE1B0C4548002A6B5F /* EditChoiceViewController.swift */ = {isa = PBXFileReference; fileEncoding = 4; lastKnownFileType = sourcecode.swift; path = EditChoiceViewController.swift; sourceTree = "<group>"; };
		AA83EAC01B0DBC74002A6B5F /* CalendarUtil.swift */ = {isa = PBXFileReference; fileEncoding = 4; lastKnownFileType = sourcecode.swift; path = CalendarUtil.swift; sourceTree = "<group>"; };
		AABB02D91AFF3E9F006C212C /* welcome.JPG */ = {isa = PBXFileReference; lastKnownFileType = image.jpeg; path = welcome.JPG; sourceTree = "<group>"; };
		AABB02DD1B0057D0006C212C /* WelcomeViewController.swift */ = {isa = PBXFileReference; fileEncoding = 4; lastKnownFileType = sourcecode.swift; path = WelcomeViewController.swift; sourceTree = "<group>"; };
		AABB02DF1B0057FD006C212C /* LoginViewController.swift */ = {isa = PBXFileReference; fileEncoding = 4; lastKnownFileType = sourcecode.swift; path = LoginViewController.swift; sourceTree = "<group>"; };
		AABB02E21B005971006C212C /* Utilities.swift */ = {isa = PBXFileReference; fileEncoding = 4; lastKnownFileType = sourcecode.swift; path = Utilities.swift; sourceTree = "<group>"; };
		AABB02E41B005AE1006C212C /* TodoListViewController.swift */ = {isa = PBXFileReference; fileEncoding = 4; lastKnownFileType = sourcecode.swift; path = TodoListViewController.swift; sourceTree = "<group>"; };
		AABB02E61B005B2C006C212C /* ProfileViewController.swift */ = {isa = PBXFileReference; fileEncoding = 4; lastKnownFileType = sourcecode.swift; path = ProfileViewController.swift; sourceTree = "<group>"; };
		AABB02E81B006827006C212C /* Constants.swift */ = {isa = PBXFileReference; fileEncoding = 4; lastKnownFileType = sourcecode.swift; path = Constants.swift; sourceTree = "<group>"; };
		AAD609B61B03025600145F56 /* TodoDetailViewController.swift */ = {isa = PBXFileReference; fileEncoding = 4; lastKnownFileType = sourcecode.swift; path = TodoDetailViewController.swift; sourceTree = "<group>"; };
		AAD609B91B044A7900145F56 /* AmountDetailViewController.swift */ = {isa = PBXFileReference; fileEncoding = 4; lastKnownFileType = sourcecode.swift; path = AmountDetailViewController.swift; sourceTree = "<group>"; };
/* End PBXFileReference section */

/* Begin PBXFrameworksBuildPhase section */
		81BA81421A49DA1800E65899 /* Frameworks */ = {
			isa = PBXFrameworksBuildPhase;
			buildActionMask = 2147483647;
			files = (
				AA83EA9E1B07112F002A6B5F /* Social.framework in Frameworks */,
				AA83EA9C1B071129002A6B5F /* Accounts.framework in Frameworks */,
				81BA817F1A49E0F000E65899 /* libstdc++.6.dylib in Frameworks */,
				81BA817D1A49E0EA00E65899 /* MobileCoreServices.framework in Frameworks */,
				81BA817B1A49E0E500E65899 /* SystemConfiguration.framework in Frameworks */,
				81BA81791A49E0DB00E65899 /* AudioToolbox.framework in Frameworks */,
				81BA81771A49E0D500E65899 /* libsqlite3.dylib in Frameworks */,
				81BA81711A49DB6800E65899 /* Parse.framework in Frameworks */,
				81BA81721A49DB6800E65899 /* ParseCrashReporting.framework in Frameworks */,
				81BA81731A49DB6800E65899 /* ParseFacebookUtils.framework in Frameworks */,
				81BA81811A49E10C00E65899 /* ParseUI.framework in Frameworks */,
				81BA81701A49DB6800E65899 /* Bolts.framework in Frameworks */,
			);
			runOnlyForDeploymentPostprocessing = 0;
		};
/* End PBXFrameworksBuildPhase section */

/* Begin PBXGroup section */
		81BA813C1A49DA1800E65899 = {
			isa = PBXGroup;
			children = (
				AABB02D81AFF3E79006C212C /* resources */,
				81BA81471A49DA1800E65899 /* DevCode */,
				81BA816A1A49DB5600E65899 /* Frameworks */,
				81BA81461A49DA1800E65899 /* Products */,
			);
			sourceTree = "<group>";
		};
		81BA81461A49DA1800E65899 /* Products */ = {
			isa = PBXGroup;
			children = (
				81BA81451A49DA1800E65899 /* Leap Internal.app */,
			);
			name = Products;
			sourceTree = "<group>";
		};
		81BA81471A49DA1800E65899 /* DevCode */ = {
			isa = PBXGroup;
			children = (
				AA83EAAF1B07EB8B002A6B5F /* RecordEdit */,
				AA83EAA71B072D48002A6B5F /* GenEdit */,
				AA83EAA41B072C43002A6B5F /* TodoEdit */,
				AAD609B81B044A5400145F56 /* ProfileSubViews */,
				AAD609B51B01D9E400145F56 /* images */,
				AABB02E11B005957006C212C /* Utils */,
				81BA814A1A49DA1800E65899 /* AppDelegate.swift */,
				81BA814E1A49DA1800E65899 /* Main.storyboard */,
				81BA81511A49DA1800E65899 /* Images.xcassets */,
				81BA81481A49DA1800E65899 /* Supporting Files */,
				AABB02DD1B0057D0006C212C /* WelcomeViewController.swift */,
				AABB02DF1B0057FD006C212C /* LoginViewController.swift */,
				AABB02E41B005AE1006C212C /* TodoListViewController.swift */,
				AABB02E61B005B2C006C212C /* ProfileViewController.swift */,
				AAD609B61B03025600145F56 /* TodoDetailViewController.swift */,
				AA83EA9F1B0714AF002A6B5F /* MyPFLogInViewController.swift */,
				AA83EABA1B0AF9C3002A6B5F /* TodoShowTableViewController.swift */,
			);
			name = DevCode;
			path = ParseStarterProject;
			sourceTree = "<group>";
		};
		81BA81481A49DA1800E65899 /* Supporting Files */ = {
			isa = PBXGroup;
			children = (
				81BA81491A49DA1800E65899 /* Info.plist */,
				81BA81821A49E27F00E65899 /* ParseStarterProject-Bridging-Header.h */,
			);
			name = "Supporting Files";
			sourceTree = "<group>";
		};
		81BA816A1A49DB5600E65899 /* Frameworks */ = {
			isa = PBXGroup;
			children = (
				AA83EA9D1B07112F002A6B5F /* Social.framework */,
				AA83EA9B1B071129002A6B5F /* Accounts.framework */,
				81BA816B1A49DB6800E65899 /* Bolts.framework */,
				81BA816C1A49DB6800E65899 /* Parse.framework */,
				81BA816D1A49DB6800E65899 /* ParseCrashReporting.framework */,
				81BA816E1A49DB6800E65899 /* ParseFacebookUtils.framework */,
				81BA81801A49E10C00E65899 /* ParseUI.framework */,
				81BA81751A49E0C500E65899 /* System Frameworks */,
			);
			name = Frameworks;
			sourceTree = "<group>";
		};
		81BA81751A49E0C500E65899 /* System Frameworks */ = {
			isa = PBXGroup;
			children = (
				81BA817E1A49E0F000E65899 /* libstdc++.6.dylib */,
				81BA817C1A49E0EA00E65899 /* MobileCoreServices.framework */,
				81BA817A1A49E0E500E65899 /* SystemConfiguration.framework */,
				81BA81781A49E0DB00E65899 /* AudioToolbox.framework */,
				81BA81761A49E0D500E65899 /* libsqlite3.dylib */,
			);
			name = "System Frameworks";
			sourceTree = "<group>";
		};
		AA83EAA41B072C43002A6B5F /* TodoEdit */ = {
			isa = PBXGroup;
			children = (
				AA83EAA51B072C6B002A6B5F /* EditTodoViewController.swift */,
			);
			name = TodoEdit;
			sourceTree = "<group>";
		};
		AA83EAA71B072D48002A6B5F /* GenEdit */ = {
			isa = PBXGroup;
			children = (
				AA83EAA91B072D63002A6B5F /* EditTextViewController.swift */,
				AA83EAAB1B072D6F002A6B5F /* EditNumberViewController.swift */,
				AA83EAAD1B072D7A002A6B5F /* EditDateViewController.swift */,
				AA83EABC1B0C453E002A6B5F /* EditBigTextViewController.swift */,
				AA83EABE1B0C4548002A6B5F /* EditChoiceViewController.swift */,
			);
			name = GenEdit;
			sourceTree = "<group>";
		};
		AA83EAAF1B07EB8B002A6B5F /* RecordEdit */ = {
			isa = PBXGroup;
			children = (
				AA83EAB01B07EB9F002A6B5F /* SelectSingleViewController.swift */,
				AA83EAB21B07FAF0002A6B5F /* EditRecordViewController.swift */,
				AA83EAB61B080149002A6B5F /* SelectMultipleViewController.swift */,
			);
			name = RecordEdit;
			sourceTree = "<group>";
		};
		AABB02D81AFF3E79006C212C /* resources */ = {
			isa = PBXGroup;
			children = (
				AABB02D91AFF3E9F006C212C /* welcome.JPG */,
			);
			name = resources;
			sourceTree = "<group>";
		};
		AABB02E11B005957006C212C /* Utils */ = {
			isa = PBXGroup;
			children = (
				AABB02E21B005971006C212C /* Utilities.swift */,
				AABB02E81B006827006C212C /* Constants.swift */,
				AA5D5A7C1B01BFC00004DD5F /* PushNotification.swift */,
				AA83EAC01B0DBC74002A6B5F /* CalendarUtil.swift */,
			);
			name = Utils;
			sourceTree = "<group>";
		};
		AAD609B51B01D9E400145F56 /* images */ = {
			isa = PBXGroup;
			children = (
			);
			name = images;
			sourceTree = "<group>";
		};
		AAD609B81B044A5400145F56 /* ProfileSubViews */ = {
			isa = PBXGroup;
			children = (
				AAD609B91B044A7900145F56 /* AmountDetailViewController.swift */,
				AA83EAB81B088E6A002A6B5F /* RecordCell.swift */,
			);
			name = ProfileSubViews;
			path = ..;
			sourceTree = "<group>";
		};
/* End PBXGroup section */

/* Begin PBXNativeTarget section */
		81BA81441A49DA1800E65899 /* Leap Internal */ = {
			isa = PBXNativeTarget;
			buildConfigurationList = 81BA81641A49DA1800E65899 /* Build configuration list for PBXNativeTarget "Leap Internal" */;
			buildPhases = (
				81BA81411A49DA1800E65899 /* Sources */,
				81BA81421A49DA1800E65899 /* Frameworks */,
				81BA81431A49DA1800E65899 /* Resources */,
				81CC85E11A49F6D40076DE19 /* Upload Symbol Files */,
			);
			buildRules = (
			);
			dependencies = (
			);
			name = "Leap Internal";
			productName = ParseStarterProject;
			productReference = 81BA81451A49DA1800E65899 /* Leap Internal.app */;
			productType = "com.apple.product-type.application";
		};
/* End PBXNativeTarget section */

/* Begin PBXProject section */
		81BA813D1A49DA1800E65899 /* Project object */ = {
			isa = PBXProject;
			attributes = {
				LastUpgradeCheck = 0610;
				ORGANIZATIONNAME = "Justin Zhang";
				TargetAttributes = {
					81BA81441A49DA1800E65899 = {
						CreatedOnToolsVersion = 6.1.1;
						DevelopmentTeam = 53UUQ9EN73;
					};
				};
			};
			buildConfigurationList = 81BA81401A49DA1800E65899 /* Build configuration list for PBXProject "Leap Internal" */;
			compatibilityVersion = "Xcode 3.2";
			developmentRegion = English;
			hasScannedForEncodings = 0;
			knownRegions = (
				en,
				Base,
			);
			mainGroup = 81BA813C1A49DA1800E65899;
			productRefGroup = 81BA81461A49DA1800E65899 /* Products */;
			projectDirPath = "";
			projectRoot = "";
			targets = (
				81BA81441A49DA1800E65899 /* Leap Internal */,
			);
		};
/* End PBXProject section */

/* Begin PBXResourcesBuildPhase section */
		81BA81431A49DA1800E65899 /* Resources */ = {
			isa = PBXResourcesBuildPhase;
			buildActionMask = 2147483647;
			files = (
				AABB02DA1AFF3E9F006C212C /* welcome.JPG in Resources */,
				81BA81501A49DA1800E65899 /* Main.storyboard in Resources */,
				81BA81521A49DA1800E65899 /* Images.xcassets in Resources */,
			);
			runOnlyForDeploymentPostprocessing = 0;
		};
/* End PBXResourcesBuildPhase section */

/* Begin PBXShellScriptBuildPhase section */
		81CC85E11A49F6D40076DE19 /* Upload Symbol Files */ = {
			isa = PBXShellScriptBuildPhase;
			buildActionMask = 2147483647;
			files = (
			);
			inputPaths = (
			);
			name = "Upload Symbol Files";
			outputPaths = (
			);
			runOnlyForDeploymentPostprocessing = 0;
			shellPath = /bin/sh;
			shellScript = "# This script will upload symbol files for your application,\n# so all your crash reports are going to be symbolicated\n\n# Important!\n# Before using the script, please initialize CloudCode folder and replace <path_to_cloudcode_folder> with the path to it\n#\n# Read more on Parse.com - https://parse.com/apps/quickstart#analytics/crashreporting/ios/\n############################################################\n\n\n# export PATH=/usr/local/bin:$PATH\n# cd <path_to_cloudcode_folder>\n\n# parse symbols -p \"${DWARF_DSYM_FOLDER_PATH}/${DWARF_DSYM_FILE_NAME}\"\n";
		};
/* End PBXShellScriptBuildPhase section */

/* Begin PBXSourcesBuildPhase section */
		81BA81411A49DA1800E65899 /* Sources */ = {
			isa = PBXSourcesBuildPhase;
			buildActionMask = 2147483647;
			files = (
				AA83EAB71B080149002A6B5F /* SelectMultipleViewController.swift in Sources */,
				AA83EAA01B0714AF002A6B5F /* MyPFLogInViewController.swift in Sources */,
				AA5D5A7D1B01BFC00004DD5F /* PushNotification.swift in Sources */,
				AABB02E71B005B2C006C212C /* ProfileViewController.swift in Sources */,
				AA83EAAC1B072D6F002A6B5F /* EditNumberViewController.swift in Sources */,
				AA83EAC11B0DBC74002A6B5F /* CalendarUtil.swift in Sources */,
				AABB02E01B0057FD006C212C /* LoginViewController.swift in Sources */,
				AA83EAAA1B072D63002A6B5F /* EditTextViewController.swift in Sources */,
				AA83EABD1B0C453E002A6B5F /* EditBigTextViewController.swift in Sources */,
				AABB02DE1B0057D0006C212C /* WelcomeViewController.swift in Sources */,
				AABB02E31B005971006C212C /* Utilities.swift in Sources */,
				AA83EAB11B07EB9F002A6B5F /* SelectSingleViewController.swift in Sources */,
				AA83EABB1B0AF9C3002A6B5F /* TodoShowTableViewController.swift in Sources */,
				AABB02E91B006827006C212C /* Constants.swift in Sources */,
				AA83EABF1B0C4548002A6B5F /* EditChoiceViewController.swift in Sources */,
				AA83EAB91B088E6A002A6B5F /* RecordCell.swift in Sources */,
				81BA814B1A49DA1800E65899 /* AppDelegate.swift in Sources */,
				AA83EAB31B07FAF0002A6B5F /* EditRecordViewController.swift in Sources */,
				AABB02E51B005AE1006C212C /* TodoListViewController.swift in Sources */,
				AA83EAAE1B072D7A002A6B5F /* EditDateViewController.swift in Sources */,
				AAD609BA1B044A7900145F56 /* AmountDetailViewController.swift in Sources */,
				AA83EAA61B072C6B002A6B5F /* EditTodoViewController.swift in Sources */,
				AAD609B71B03025600145F56 /* TodoDetailViewController.swift in Sources */,
			);
			runOnlyForDeploymentPostprocessing = 0;
		};
/* End PBXSourcesBuildPhase section */

/* Begin PBXVariantGroup section */
		81BA814E1A49DA1800E65899 /* Main.storyboard */ = {
			isa = PBXVariantGroup;
			children = (
				81BA814F1A49DA1800E65899 /* Base */,
			);
			name = Main.storyboard;
			sourceTree = "<group>";
		};
/* End PBXVariantGroup section */

/* Begin XCBuildConfiguration section */
		81BA81621A49DA1800E65899 /* Debug */ = {
			isa = XCBuildConfiguration;
			buildSettings = {
				ALWAYS_SEARCH_USER_PATHS = NO;
				CLANG_CXX_LANGUAGE_STANDARD = "gnu++0x";
				CLANG_CXX_LIBRARY = "libc++";
				CLANG_ENABLE_MODULES = YES;
				CLANG_ENABLE_OBJC_ARC = YES;
				CLANG_WARN_BOOL_CONVERSION = YES;
				CLANG_WARN_CONSTANT_CONVERSION = YES;
				CLANG_WARN_DIRECT_OBJC_ISA_USAGE = YES_ERROR;
				CLANG_WARN_EMPTY_BODY = YES;
				CLANG_WARN_ENUM_CONVERSION = YES;
				CLANG_WARN_INT_CONVERSION = YES;
				CLANG_WARN_OBJC_ROOT_CLASS = YES_ERROR;
				CLANG_WARN_UNREACHABLE_CODE = YES;
				CLANG_WARN__DUPLICATE_METHOD_MATCH = YES;
				CODE_SIGN_IDENTITY = "iPhone Distribution: Zihao Zhang (53UUQ9EN73)";
				"CODE_SIGN_IDENTITY[sdk=iphoneos*]" = "iPhone Distribution: Zihao Zhang (53UUQ9EN73)";
				COPY_PHASE_STRIP = NO;
				ENABLE_STRICT_OBJC_MSGSEND = YES;
				GCC_C_LANGUAGE_STANDARD = gnu99;
				GCC_DYNAMIC_NO_PIC = NO;
				GCC_OPTIMIZATION_LEVEL = 0;
				GCC_PREPROCESSOR_DEFINITIONS = (
					"DEBUG=1",
					"$(inherited)",
				);
				GCC_SYMBOLS_PRIVATE_EXTERN = NO;
				GCC_WARN_64_TO_32_BIT_CONVERSION = YES;
				GCC_WARN_ABOUT_RETURN_TYPE = YES_ERROR;
				GCC_WARN_UNDECLARED_SELECTOR = YES;
				GCC_WARN_UNINITIALIZED_AUTOS = YES_AGGRESSIVE;
				GCC_WARN_UNUSED_FUNCTION = YES;
				GCC_WARN_UNUSED_VARIABLE = YES;
				IPHONEOS_DEPLOYMENT_TARGET = 7.0;
				MTL_ENABLE_DEBUG_INFO = YES;
				ONLY_ACTIVE_ARCH = YES;
				SDKROOT = iphoneos;
				SWIFT_OPTIMIZATION_LEVEL = "-Onone";
				TARGETED_DEVICE_FAMILY = "1,2";
			};
			name = Debug;
		};
		81BA81631A49DA1800E65899 /* Release */ = {
			isa = XCBuildConfiguration;
			buildSettings = {
				ALWAYS_SEARCH_USER_PATHS = NO;
				CLANG_CXX_LANGUAGE_STANDARD = "gnu++0x";
				CLANG_CXX_LIBRARY = "libc++";
				CLANG_ENABLE_MODULES = YES;
				CLANG_ENABLE_OBJC_ARC = YES;
				CLANG_WARN_BOOL_CONVERSION = YES;
				CLANG_WARN_CONSTANT_CONVERSION = YES;
				CLANG_WARN_DIRECT_OBJC_ISA_USAGE = YES_ERROR;
				CLANG_WARN_EMPTY_BODY = YES;
				CLANG_WARN_ENUM_CONVERSION = YES;
				CLANG_WARN_INT_CONVERSION = YES;
				CLANG_WARN_OBJC_ROOT_CLASS = YES_ERROR;
				CLANG_WARN_UNREACHABLE_CODE = YES;
				CLANG_WARN__DUPLICATE_METHOD_MATCH = YES;
				CODE_SIGN_IDENTITY = "iPhone Distribution: Zihao Zhang (53UUQ9EN73)";
				"CODE_SIGN_IDENTITY[sdk=iphoneos*]" = "iPhone Distribution: Zihao Zhang (53UUQ9EN73)";
				COPY_PHASE_STRIP = YES;
				ENABLE_NS_ASSERTIONS = NO;
				ENABLE_STRICT_OBJC_MSGSEND = YES;
				GCC_C_LANGUAGE_STANDARD = gnu99;
				GCC_WARN_64_TO_32_BIT_CONVERSION = YES;
				GCC_WARN_ABOUT_RETURN_TYPE = YES_ERROR;
				GCC_WARN_UNDECLARED_SELECTOR = YES;
				GCC_WARN_UNINITIALIZED_AUTOS = YES_AGGRESSIVE;
				GCC_WARN_UNUSED_FUNCTION = YES;
				GCC_WARN_UNUSED_VARIABLE = YES;
				IPHONEOS_DEPLOYMENT_TARGET = 7.0;
				MTL_ENABLE_DEBUG_INFO = NO;
				SDKROOT = iphoneos;
				TARGETED_DEVICE_FAMILY = "1,2";
				VALIDATE_PRODUCT = YES;
			};
			name = Release;
		};
		81BA81651A49DA1800E65899 /* Debug */ = {
			isa = XCBuildConfiguration;
			buildSettings = {
				ASSETCATALOG_COMPILER_APPICON_NAME = AppIcon;
				ASSETCATALOG_COMPILER_LAUNCHIMAGE_NAME = LaunchImage;
				CODE_SIGN_IDENTITY = "iPhone Developer";
				"CODE_SIGN_IDENTITY[sdk=iphoneos*]" = "iPhone Developer";
				FRAMEWORK_SEARCH_PATHS = (
					"$(inherited)",
					"$(PROJECT_DIR)",
				);
				INFOPLIST_FILE = ParseStarterProject/Info.plist;
				LD_RUNPATH_SEARCH_PATHS = "$(inherited) @executable_path/Frameworks";
				PRODUCT_NAME = "Leap Internal";
				PROVISIONING_PROFILE = "";
				SWIFT_OBJC_BRIDGING_HEADER = "ParseStarterProject/ParseStarterProject-Bridging-Header.h";
			};
			name = Debug;
		};
		81BA81661A49DA1800E65899 /* Release */ = {
			isa = XCBuildConfiguration;
			buildSettings = {
				ASSETCATALOG_COMPILER_APPICON_NAME = AppIcon;
				ASSETCATALOG_COMPILER_LAUNCHIMAGE_NAME = LaunchImage;
				CODE_SIGN_IDENTITY = "iPhone Developer";
				"CODE_SIGN_IDENTITY[sdk=iphoneos*]" = "iPhone Developer";
				FRAMEWORK_SEARCH_PATHS = (
					"$(inherited)",
					"$(PROJECT_DIR)",
				);
				INFOPLIST_FILE = ParseStarterProject/Info.plist;
				LD_RUNPATH_SEARCH_PATHS = "$(inherited) @executable_path/Frameworks";
				PRODUCT_NAME = "Leap Internal";
				PROVISIONING_PROFILE = "";
				SWIFT_OBJC_BRIDGING_HEADER = "ParseStarterProject/ParseStarterProject-Bridging-Header.h";
			};
			name = Release;
		};
/* End XCBuildConfiguration section */

/* Begin XCConfigurationList section */
		81BA81401A49DA1800E65899 /* Build configuration list for PBXProject "Leap Internal" */ = {
			isa = XCConfigurationList;
			buildConfigurations = (
				81BA81621A49DA1800E65899 /* Debug */,
				81BA81631A49DA1800E65899 /* Release */,
			);
			defaultConfigurationIsVisible = 0;
			defaultConfigurationName = Release;
		};
		81BA81641A49DA1800E65899 /* Build configuration list for PBXNativeTarget "Leap Internal" */ = {
			isa = XCConfigurationList;
			buildConfigurations = (
				81BA81651A49DA1800E65899 /* Debug */,
				81BA81661A49DA1800E65899 /* Release */,
			);
			defaultConfigurationIsVisible = 0;
			defaultConfigurationName = Release;
		};
/* End XCConfigurationList section */
	};
	rootObject = 81BA813D1A49DA1800E65899 /* Project object */;
}
